
Microsoft Visual Studio Solution File, Format Version 12.00
# Visual Studio Version 17
VisualStudioVersion = 17.14.36930.0 d17.14
MinimumVisualStudioVersion = 10.0.40219.1
Project("{FAE04EC0-301F-11D3-BF4B-00C04F79EFBC}") = "WPF_ISIP323_Kamenschikova", "WPF_ISIP323_Kamenschikova\WPF_ISIP323_Kamenschikova.csproj", "{9F90674E-6EBD-40AC-A463-C104420A195A}"
EndProject
Global
	GlobalSection(SolutionConfigurationPlatforms) = preSolution
		Debug|Any CPU = Debug|Any CPU
		Release|Any CPU = Release|Any CPU
	EndGlobalSection
	GlobalSection(ProjectConfigurationPlatforms) = postSolution
		{9F90674E-6EBD-40AC-A463-C104420A195A}.Debug|Any CPU.ActiveCfg = Debug|Any CPU
		{9F90674E-6EBD-40AC-A463-C104420A195A}.Debug|Any CPU.Build.0 = Debug|Any CPU
		{9F90674E-6EBD-40AC-A463-C104420A195A}.Release|Any CPU.ActiveCfg = Release|Any CPU
		{9F90674E-6EBD-40AC-A463-C104420A195A}.Release|Any CPU.Build.0 = Release|Any CPU
	EndGlobalSection
	GlobalSection(SolutionProperties) = preSolution
		HideSolutionNode = FALSE
	EndGlobalSection
	GlobalSection(ExtensibilityGlobals) = postSolution
		SolutionGuid = {DFE1CD08-2E38-44AD-B2EA-57CCC96B0927}
	EndGlobalSection
EndGlobal
